
Microsoft Visual Studio Solution File, Format Version 12.00
# Visual Studio Version 17
VisualStudioVersion = 17.1.32328.378
MinimumVisualStudioVersion = 10.0.40219.1
Project("{FAE04EC0-301F-11D3-BF4B-00C04F79EFBC}") = "MyTestProject", "MyTestProject\MyTestProject.csproj", "{612EFB3E-8BFB-441B-BD84-4A07009FB98F}"
EndProject
Global
	GlobalSection(SolutionConfigurationPlatforms) = preSolution
		Debug|Any CPU = Debug|Any CPU
		Release|Any CPU = Release|Any CPU
	EndGlobalSection
	GlobalSection(ProjectConfigurationPlatforms) = postSolution
		{612EFB3E-8BFB-441B-BD84-4A07009FB98F}.Debug|Any CPU.ActiveCfg = Debug|Any CPU
		{612EFB3E-8BFB-441B-BD84-4A07009FB98F}.Debug|Any CPU.Build.0 = Debug|Any CPU
		{612EFB3E-8BFB-441B-BD84-4A07009FB98F}.Release|Any CPU.ActiveCfg = Release|Any CPU
		{612EFB3E-8BFB-441B-BD84-4A07009FB98F}.Release|Any CPU.Build.0 = Release|Any CPU
	EndGlobalSection
	GlobalSection(SolutionProperties) = preSolution
		HideSolutionNode = FALSE
	EndGlobalSection
	GlobalSection(ExtensibilityGlobals) = postSolution
		SolutionGuid = {1D8FCA4E-BF61-406F-8447-9832F4276B6F}
	EndGlobalSection
EndGlobal
